
Microsoft Visual Studio Solution File, Format Version 12.00
# Visual Studio Version 16
VisualStudioVersion = 16.0.29728.190
MinimumVisualStudioVersion = 10.0.40219.1
Project("{FAE04EC0-301F-11D3-BF4B-00C04F79EFBC}") = "Sistema_Para_Restaurantes", "Sistema_Para_Restaurantes\Sistema_Para_Restaurantes.csproj", "{6CAEBD12-2414-4DA8-99FD-91C9D4CEDE02}"
EndProject
Global
	GlobalSection(SolutionConfigurationPlatforms) = preSolution
		Debug|Any CPU = Debug|Any CPU
		Release|Any CPU = Release|Any CPU
	EndGlobalSection
	GlobalSection(ProjectConfigurationPlatforms) = postSolution
		{6CAEBD12-2414-4DA8-99FD-91C9D4CEDE02}.Debug|Any CPU.ActiveCfg = Debug|Any CPU
		{6CAEBD12-2414-4DA8-99FD-91C9D4CEDE02}.Debug|Any CPU.Build.0 = Debug|Any CPU
		{6CAEBD12-2414-4DA8-99FD-91C9D4CEDE02}.Release|Any CPU.ActiveCfg = Release|Any CPU
		{6CAEBD12-2414-4DA8-99FD-91C9D4CEDE02}.Release|Any CPU.Build.0 = Release|Any CPU
	EndGlobalSection
	GlobalSection(SolutionProperties) = preSolution
		HideSolutionNode = FALSE
	EndGlobalSection
	GlobalSection(ExtensibilityGlobals) = postSolution
		SolutionGuid = {B5BD917F-08DA-493A-9EA3-26C76FBA8E2C}
	EndGlobalSection
EndGlobal
